PODS:
  - Alamofire (5.6.4)
  - Kingfisher (7.6.1)

DEPENDENCIES:
  - Alamofire
  - Kingfisher (= 7.6.1)

SPEC REPOS:
  trunk:
    - Alamofire
    - Kingfisher

SPEC CHECKSUMS:
  Alamofire: 4e95d97098eacb88856099c4fc79b526a299e48c
  Kingfisher: 93a3c6d0d551658a31e19f21747e1d15cb39d525

PODFILE CHECKSUM: 133446852715e845658b7b051285ba60a19f8e56

COCOAPODS: 1.12.1
